
Microsoft Visual Studio Solution File, Format Version 11.00
# Visual Studio 2010
Project("{FAE04EC0-301F-11D3-BF4B-00C04F79EFBC}") = "vrtkSimulator001", "Assembly-CSharp.csproj", "{47974342-084E-4CC8-6CB1-29242CD02433}"
EndProject
Project("{FAE04EC0-301F-11D3-BF4B-00C04F79EFBC}") = "vrtkSimulator001", "Assembly-CSharp-Editor.csproj", "{FF873712-4910-B204-600C-A2B6CADCC82E}"
EndProject
Global
	GlobalSection(SolutionConfigurationPlatforms) = preSolution
		Debug|Any CPU = Debug|Any CPU
		Release|Any CPU = Release|Any CPU
	EndGlobalSection
	GlobalSection(ProjectConfigurationPlatforms) = postSolution
		{47974342-084E-4CC8-6CB1-29242CD02433}.Debug|Any CPU.ActiveCfg = Debug|Any CPU
		{47974342-084E-4CC8-6CB1-29242CD02433}.Debug|Any CPU.Build.0 = Debug|Any CPU
		{47974342-084E-4CC8-6CB1-29242CD02433}.Release|Any CPU.ActiveCfg = Release|Any CPU
		{47974342-084E-4CC8-6CB1-29242CD02433}.Release|Any CPU.Build.0 = Release|Any CPU
		{FF873712-4910-B204-600C-A2B6CADCC82E}.Debug|Any CPU.ActiveCfg = Debug|Any CPU
		{FF873712-4910-B204-600C-A2B6CADCC82E}.Debug|Any CPU.Build.0 = Debug|Any CPU
		{FF873712-4910-B204-600C-A2B6CADCC82E}.Release|Any CPU.ActiveCfg = Release|Any CPU
		{FF873712-4910-B204-600C-A2B6CADCC82E}.Release|Any CPU.Build.0 = Release|Any CPU
	EndGlobalSection
	GlobalSection(SolutionProperties) = preSolution
		HideSolutionNode = FALSE
	EndGlobalSection
	GlobalSection(MonoDevelopProperties) = preSolution
		StartupItem = Assembly-CSharp.csproj
	EndGlobalSection
EndGlobal
